schema: '2.0'
stages:
  get_data:
    cmd: python src/get_data.py
    deps:
    - path: src/get_data.py
      hash: md5
      md5: 4db1a4732e532e4a698d7a21e5f95634
      size: 850
    outs:
    - path: data/DL Dataset
      hash: md5
      md5: 48900e618890f4ce97201d1592d45045.dir
      size: 172904892
      nfiles: 3
  preprocessing:
    cmd: python src/preprocessing.py
    deps:
    - path: data/DL Dataset
      hash: md5
      md5: 48900e618890f4ce97201d1592d45045.dir
      size: 172904892
      nfiles: 3
    - path: src/preprocessing.py
      hash: md5
      md5: 249d6b77456846bb4822ade2bd19b2bf
      size: 3203
    - path: src/utils.py
      hash: md5
      md5: 4b4eb514019c210b9cdc1bf6f744e171
      size: 2676
    outs:
    - path: data/tokenized
      hash: md5
      md5: 27bd978ea0da606850309c5808e7380a.dir
      size: 1547742081
      nfiles: 4
  train:
    cmd: python src/train.py
    deps:
    - path: data/tokenized
      hash: md5
      md5: 27bd978ea0da606850309c5808e7380a.dir
      size: 1547742081
      nfiles: 4
    - path: src/model.py
      hash: md5
      md5: e1bfec2a957059eaf1c35d1f78a0f2b9
      size: 1653
    - path: src/train.py
      hash: md5
      md5: 89311b6711c4d2037238eef9e1eeb58d
      size: 1591
    - path: src/utils.py
      hash: md5
      md5: 4b4eb514019c210b9cdc1bf6f744e171
      size: 2676
    outs:
    - path: model/model.keras
      hash: md5
      md5: b4420c6b0d76221bea05539ded98d1c0
      size: 5472435
  test:
    cmd: python src/test.py
    deps:
    - path: data/tokenized
      hash: md5
      md5: 27bd978ea0da606850309c5808e7380a.dir
      size: 1547742081
      nfiles: 4
    - path: model/model.keras
      hash: md5
      md5: b4420c6b0d76221bea05539ded98d1c0
      size: 5472435
    - path: src/test.py
      hash: md5
      md5: 5ec204e634e874bad19886ead087273d
      size: 1329
    - path: src/utils.py
      hash: md5
      md5: 4b4eb514019c210b9cdc1bf6f744e171
      size: 2676
