schema: '2.0'
stages:
  get_data:
    cmd: python src/get_data.py
    deps:
    - path: src/get_data.py
      hash: md5
      md5: 20b6c639e46e1293b76935ff30c09a52
      size: 802
    outs:
    - path: data/DL Dataset
      hash: md5
      md5: 48900e618890f4ce97201d1592d45045.dir
      size: 172904892
      nfiles: 3
  preprocessing:
    cmd: python src/preprocessing.py
    deps:
    - path: data/DL Dataset
      hash: md5
      md5: 48900e618890f4ce97201d1592d45045.dir
      size: 172904892
      nfiles: 3
    - path: src/preprocessing.py
      hash: md5
      md5: 4fd91c93235a8e9ab773f66f803ff417
      size: 2981
    - path: src/utils.py
      hash: md5
      md5: a773d5dfa053238994641f7d5eb7a2b0
      size: 2674
    outs:
    - path: data/tokenized
      hash: md5
      md5: 27bd978ea0da606850309c5808e7380a.dir
      size: 1547742081
      nfiles: 4
  train:
    cmd: python src/train.py
    deps:
    - path: data/tokenized
      hash: md5
      md5: 27bd978ea0da606850309c5808e7380a.dir
      size: 1547742081
      nfiles: 4
    - path: src/model.py
      hash: md5
      md5: e1bfec2a957059eaf1c35d1f78a0f2b9
      size: 1653
    - path: src/train.py
      hash: md5
      md5: be2b706be06bddb10df2032da7877e52
      size: 1583
    - path: src/utils.py
      hash: md5
      md5: a773d5dfa053238994641f7d5eb7a2b0
      size: 2674
    outs:
    - path: model/model.keras
      hash: md5
      md5: ccb6431e1e8a24506c82fbabadc54b59
      size: 5472435
  test:
    cmd: python src/test.py
    deps:
    - path: data/tokenized
      hash: md5
      md5: 27bd978ea0da606850309c5808e7380a.dir
      size: 1547742081
      nfiles: 4
    - path: model/model.keras
      hash: md5
      md5: ccb6431e1e8a24506c82fbabadc54b59
      size: 5472435
    - path: src/test.py
      hash: md5
      md5: b03cf8095db5a1568bb8d48bb98129ae
      size: 1579
    - path: src/utils.py
      hash: md5
      md5: a773d5dfa053238994641f7d5eb7a2b0
      size: 2674
